// !$*UTF8*$!
{
	archiveVersion = 1;
	classes = {
	};
	objectVersion = 46;
	objects = {

/* Begin PBXBuildFile section */
		6929635B1C18190E00885817 /* main.m in Sources */ = {isa = PBXBuildFile; fileRef = 6929635A1C18190E00885817 /* main.m */; };
		6929635E1C18190E00885817 /* AppDelegate.m in Sources */ = {isa = PBXBuildFile; fileRef = 6929635D1C18190E00885817 /* AppDelegate.m */; };
		692963611C18190E00885817 /* ViewController.m in Sources */ = {isa = PBXBuildFile; fileRef = 692963601C18190E00885817 /* ViewController.m */; };
		692963641C18190E00885817 /* Main.storyboard in Resources */ = {isa = PBXBuildFile; fileRef = 692963621C18190E00885817 /* Main.storyboard */; };
		692963661C18190E00885817 /* Assets.xcassets in Resources */ = {isa = PBXBuildFile; fileRef = 692963651C18190E00885817 /* Assets.xcassets */; };
		692963691C18190E00885817 /* LaunchScreen.storyboard in Resources */ = {isa = PBXBuildFile; fileRef = 692963671C18190E00885817 /* LaunchScreen.storyboard */; };
		692963741C18190F00885817 /* ____Tests.m in Sources */ = {isa = PBXBuildFile; fileRef = 692963731C18190F00885817 /* ____Tests.m */; };
		6929637F1C18190F00885817 /* ____UITests.m in Sources */ = {isa = PBXBuildFile; fileRef = 6929637E1C18190F00885817 /* ____UITests.m */; };
/* End PBXBuildFile section */

/* Begin PBXContainerItemProxy section */
		692963701C18190F00885817 /* PBXContainerItemProxy */ = {
			isa = PBXContainerItemProxy;
			containerPortal = 6929634E1C18190E00885817 /* Project object */;
			proxyType = 1;
			remoteGlobalIDString = 692963551C18190E00885817;
			remoteInfo = "代理实战";
		};
		6929637B1C18190F00885817 /* PBXContainerItemProxy */ = {
			isa = PBXContainerItemProxy;
			containerPortal = 6929634E1C18190E00885817 /* Project object */;
			proxyType = 1;
			remoteGlobalIDString = 692963551C18190E00885817;
			remoteInfo = "代理实战";
		};
/* End PBXContainerItemProxy section */

/* Begin PBXFileReference section */
		692963561C18190E00885817 /* 代理实战.app */ = {isa = PBXFileReference; explicitFileType = wrapper.application; includeInIndex = 0; path = "代理实战.app"; sourceTree = BUILT_PRODUCTS_DIR; };
		6929635A1C18190E00885817 /* main.m */ = {isa = PBXFileReference; lastKnownFileType = sourcecode.c.objc; path = main.m; sourceTree = "<group>"; };
		6929635C1C18190E00885817 /* AppDelegate.h */ = {isa = PBXFileReference; lastKnownFileType = sourcecode.c.h; path = AppDelegate.h; sourceTree = "<group>"; };
		6929635D1C18190E00885817 /* AppDelegate.m */ = {isa = PBXFileReference; lastKnownFileType = sourcecode.c.objc; path = AppDelegate.m; sourceTree = "<group>"; };
		6929635F1C18190E00885817 /* ViewController.h */ = {isa = PBXFileReference; lastKnownFileType = sourcecode.c.h; path = ViewController.h; sourceTree = "<group>"; };
		692963601C18190E00885817 /* ViewController.m */ = {isa = PBXFileReference; lastKnownFileType = sourcecode.c.objc; path = ViewController.m; sourceTree = "<group>"; };
		692963631C18190E00885817 /* Base */ = {isa = PBXFileReference; lastKnownFileType = file.storyboard; name = Base; path = Base.lproj/Main.storyboard; sourceTree = "<group>"; };
		692963651C18190E00885817 /* Assets.xcassets */ = {isa = PBXFileReference; lastKnownFileType = folder.assetcatalog; path = Assets.xcassets; sourceTree = "<group>"; };
		692963681C18190E00885817 /* Base */ = {isa = PBXFileReference; lastKnownFileType = file.storyboard; name = Base; path = Base.lproj/LaunchScreen.storyboard; sourceTree = "<group>"; };
		6929636A1C18190E00885817 /* Info.plist */ = {isa = PBXFileReference; lastKnownFileType = text.plist.xml; path = Info.plist; sourceTree = "<group>"; };
		6929636F1C18190F00885817 /* 代理实战Tests.xctest */ = {isa = PBXFileReference; explicitFileType = wrapper.cfbundle; includeInIndex = 0; path = "代理实战Tests.xctest"; sourceTree = BUILT_PRODUCTS_DIR; };
		692963731C18190F00885817 /* ____Tests.m */ = {isa = PBXFileReference; lastKnownFileType = sourcecode.c.objc; path = "____Tests.m"; sourceTree = "<group>"; };
		692963751C18190F00885817 /* Info.plist */ = {isa = PBXFileReference; lastKnownFileType = text.plist.xml; path = Info.plist; sourceTree = "<group>"; };
		6929637A1C18190F00885817 /* 代理实战UITests.xctest */ = {isa = PBXFileReference; explicitFileType = wrapper.cfbundle; includeInIndex = 0; path = "代理实战UITests.xctest"; sourceTree = BUILT_PRODUCTS_DIR; };
		6929637E1C18190F00885817 /* ____UITests.m */ = {isa = PBXFileReference; lastKnownFileType = sourcecode.c.objc; path = "____UITests.m"; sourceTree = "<group>"; };
		692963801C18190F00885817 /* Info.plist */ = {isa = PBXFileReference; lastKnownFileType = text.plist.xml; path = Info.plist; sourceTree = "<group>"; };
/* End PBXFileReference section */

/* Begin PBXFrameworksBuildPhase section */
		692963531C18190E00885817 /* Frameworks */ = {
			isa = PBXFrameworksBuildPhase;
			buildActionMask = 2147483647;
			files = (
			);
			runOnlyForDeploymentPostprocessing = 0;
		};
		6929636C1C18190F00885817 /* Frameworks */ = {
			isa = PBXFrameworksBuildPhase;
			buildActionMask = 2147483647;
			files = (
			);
			runOnlyForDeploymentPostprocessing = 0;
		};
		692963771C18190F00885817 /* Frameworks */ = {
			isa = PBXFrameworksBuildPhase;
			buildActionMask = 2147483647;
			files = (
			);
			runOnlyForDeploymentPostprocessing = 0;
		};
/* End PBXFrameworksBuildPhase section */

/* Begin PBXGroup section */
		6929634D1C18190E00885817 = {
			isa = PBXGroup;
			children = (
				692963581C18190E00885817 /* 代理实战 */,
				692963721C18190F00885817 /* 代理实战Tests */,
				6929637D1C18190F00885817 /* 代理实战UITests */,
				692963571C18190E00885817 /* Products */,
			);
			sourceTree = "<group>";
		};
		692963571C18190E00885817 /* Products */ = {
			isa = PBXGroup;
			children = (
				692963561C18190E00885817 /* 代理实战.app */,
				6929636F1C18190F00885817 /* 代理实战Tests.xctest */,
				6929637A1C18190F00885817 /* 代理实战UITests.xctest */,
			);
			name = Products;
			sourceTree = "<group>";
		};
		692963581C18190E00885817 /* 代理实战 */ = {
			isa = PBXGroup;
			children = (
				6929635C1C18190E00885817 /* AppDelegate.h */,
				6929635D1C18190E00885817 /* AppDelegate.m */,
				6929635F1C18190E00885817 /* ViewController.h */,
				692963601C18190E00885817 /* ViewController.m */,
				692963621C18190E00885817 /* Main.storyboard */,
				692963651C18190E00885817 /* Assets.xcassets */,
				692963671C18190E00885817 /* LaunchScreen.storyboard */,
				6929636A1C18190E00885817 /* Info.plist */,
				692963591C18190E00885817 /* Supporting Files */,
			);
			path = "代理实战";
			sourceTree = "<group>";
		};
		692963591C18190E00885817 /* Supporting Files */ = {
			isa = PBXGroup;
			children = (
				6929635A1C18190E00885817 /* main.m */,
			);
			name = "Supporting Files";
			sourceTree = "<group>";
		};
		692963721C18190F00885817 /* 代理实战Tests */ = {
			isa = PBXGroup;
			children = (
				692963731C18190F00885817 /* ____Tests.m */,
				692963751C18190F00885817 /* Info.plist */,
			);
			path = "代理实战Tests";
			sourceTree = "<group>";
		};
		6929637D1C18190F00885817 /* 代理实战UITests */ = {
			isa = PBXGroup;
			children = (
				6929637E1C18190F00885817 /* ____UITests.m */,
				692963801C18190F00885817 /* Info.plist */,
			);
			path = "代理实战UITests";
			sourceTree = "<group>";
		};
/* End PBXGroup section */

/* Begin PBXNativeTarget section */
		692963551C18190E00885817 /* 代理实战 */ = {
			isa = PBXNativeTarget;
			buildConfigurationList = 692963831C18190F00885817 /* Build configuration list for PBXNativeTarget "代理实战" */;
			buildPhases = (
				692963521C18190E00885817 /* Sources */,
				692963531C18190E00885817 /* Frameworks */,
				692963541C18190E00885817 /* Resources */,
			);
			buildRules = (
			);
			dependencies = (
			);
			name = "代理实战";
			productName = "代理实战";
			productReference = 692963561C18190E00885817 /* 代理实战.app */;
			productType = "com.apple.product-type.application";
		};
		6929636E1C18190F00885817 /* 代理实战Tests */ = {
			isa = PBXNativeTarget;
			buildConfigurationList = 692963861C18190F00885817 /* Build configuration list for PBXNativeTarget "代理实战Tests" */;
			buildPhases = (
				6929636B1C18190F00885817 /* Sources */,
				6929636C1C18190F00885817 /* Frameworks */,
				6929636D1C18190F00885817 /* Resources */,
			);
			buildRules = (
			);
			dependencies = (
				692963711C18190F00885817 /* PBXTargetDependency */,
			);
			name = "代理实战Tests";
			productName = "代理实战Tests";
			productReference = 6929636F1C18190F00885817 /* 代理实战Tests.xctest */;
			productType = "com.apple.product-type.bundle.unit-test";
		};
		692963791C18190F00885817 /* 代理实战UITests */ = {
			isa = PBXNativeTarget;
			buildConfigurationList = 692963891C18190F00885817 /* Build configuration list for PBXNativeTarget "代理实战UITests" */;
			buildPhases = (
				692963761C18190F00885817 /* Sources */,
				692963771C18190F00885817 /* Frameworks */,
				692963781C18190F00885817 /* Resources */,
			);
			buildRules = (
			);
			dependencies = (
				6929637C1C18190F00885817 /* PBXTargetDependency */,
			);
			name = "代理实战UITests";
			productName = "代理实战UITests";
			productReference = 6929637A1C18190F00885817 /* 代理实战UITests.xctest */;
			productType = "com.apple.product-type.bundle.ui-testing";
		};
/* End PBXNativeTarget section */

/* Begin PBXProject section */
		6929634E1C18190E00885817 /* Project object */ = {
			isa = PBXProject;
			attributes = {
				LastUpgradeCheck = 0710;
				ORGANIZATIONNAME = Bruce;
				TargetAttributes = {
					692963551C18190E00885817 = {
						CreatedOnToolsVersion = 7.1;
					};
					6929636E1C18190F00885817 = {
						CreatedOnToolsVersion = 7.1;
						TestTargetID = 692963551C18190E00885817;
					};
					692963791C18190F00885817 = {
						CreatedOnToolsVersion = 7.1;
						TestTargetID = 692963551C18190E00885817;
					};
				};
			};
			buildConfigurationList = 692963511C18190E00885817 /* Build configuration list for PBXProject "代理实战" */;
			compatibilityVersion = "Xcode 3.2";
			developmentRegion = English;
			hasScannedForEncodings = 0;
			knownRegions = (
				en,
				Base,
			);
			mainGroup = 6929634D1C18190E00885817;
			productRefGroup = 692963571C18190E00885817 /* Products */;
			projectDirPath = "";
			projectRoot = "";
			targets = (
				692963551C18190E00885817 /* 代理实战 */,
				6929636E1C18190F00885817 /* 代理实战Tests */,
				692963791C18190F00885817 /* 代理实战UITests */,
			);
		};
/* End PBXProject section */

/* Begin PBXResourcesBuildPhase section */
		692963541C18190E00885817 /* Resources */ = {
			isa = PBXResourcesBuildPhase;
			buildActionMask = 2147483647;
			files = (
				692963691C18190E00885817 /* LaunchScreen.storyboard in Resources */,
				692963661C18190E00885817 /* Assets.xcassets in Resources */,
				692963641C18190E00885817 /* Main.storyboard in Resources */,
			);
			runOnlyForDeploymentPostprocessing = 0;
		};
		6929636D1C18190F00885817 /* Resources */ = {
			isa = PBXResourcesBuildPhase;
			buildActionMask = 2147483647;
			files = (
			);
			runOnlyForDeploymentPostprocessing = 0;
		};
		692963781C18190F00885817 /* Resources */ = {
			isa = PBXResourcesBuildPhase;
			buildActionMask = 2147483647;
			files = (
			);
			runOnlyForDeploymentPostprocessing = 0;
		};
/* End PBXResourcesBuildPhase section */

/* Begin PBXSourcesBuildPhase section */
		692963521C18190E00885817 /* Sources */ = {
			isa = PBXSourcesBuildPhase;
			buildActionMask = 2147483647;
			files = (
				692963611C18190E00885817 /* ViewController.m in Sources */,
				6929635E1C18190E00885817 /* AppDelegate.m in Sources */,
				6929635B1C18190E00885817 /* main.m in Sources */,
			);
			runOnlyForDeploymentPostprocessing = 0;
		};
		6929636B1C18190F00885817 /* Sources */ = {
			isa = PBXSourcesBuildPhase;
			buildActionMask = 2147483647;
			files = (
				692963741C18190F00885817 /* ____Tests.m in Sources */,
			);
			runOnlyForDeploymentPostprocessing = 0;
		};
		692963761C18190F00885817 /* Sources */ = {
			isa = PBXSourcesBuildPhase;
			buildActionMask = 2147483647;
			files = (
				6929637F1C18190F00885817 /* ____UITests.m in Sources */,
			);
			runOnlyForDeploymentPostprocessing = 0;
		};
/* End PBXSourcesBuildPhase section */

/* Begin PBXTargetDependency section */
		692963711C18190F00885817 /* PBXTargetDependency */ = {
			isa = PBXTargetDependency;
			target = 692963551C18190E00885817 /* 代理实战 */;
			targetProxy = 692963701C18190F00885817 /* PBXContainerItemProxy */;
		};
		6929637C1C18190F00885817 /* PBXTargetDependency */ = {
			isa = PBXTargetDependency;
			target = 692963551C18190E00885817 /* 代理实战 */;
			targetProxy = 6929637B1C18190F00885817 /* PBXContainerItemProxy */;
		};
/* End PBXTargetDependency section */

/* Begin PBXVariantGroup section */
		692963621C18190E00885817 /* Main.storyboard */ = {
			isa = PBXVariantGroup;
			children = (
				692963631C18190E00885817 /* Base */,
			);
			name = Main.storyboard;
			sourceTree = "<group>";
		};
		692963671C18190E00885817 /* LaunchScreen.storyboard */ = {
			isa = PBXVariantGroup;
			children = (
				692963681C18190E00885817 /* Base */,
			);
			name = LaunchScreen.storyboard;
			sourceTree = "<group>";
		};
/* End PBXVariantGroup section */

/* Begin XCBuildConfiguration section */
		692963811C18190F00885817 /* Debug */ = {
			isa = XCBuildConfiguration;
			buildSettings = {
				ALWAYS_SEARCH_USER_PATHS = NO;
				CLANG_CXX_LANGUAGE_STANDARD = "gnu++0x";
				CLANG_CXX_LIBRARY = "libc++";
				CLANG_ENABLE_MODULES = YES;
				CLANG_ENABLE_OBJC_ARC = YES;
				CLANG_WARN_BOOL_CONVERSION = YES;
				CLANG_WARN_CONSTANT_CONVERSION = YES;
				CLANG_WARN_DIRECT_OBJC_ISA_USAGE = YES_ERROR;
				CLANG_WARN_EMPTY_BODY = YES;
				CLANG_WARN_ENUM_CONVERSION = YES;
				CLANG_WARN_INT_CONVERSION = YES;
				CLANG_WARN_OBJC_ROOT_CLASS = YES_ERROR;
				CLANG_WARN_UNREACHABLE_CODE = YES;
				CLANG_WARN__DUPLICATE_METHOD_MATCH = YES;
				"CODE_SIGN_IDENTITY[sdk=iphoneos*]" = "iPhone Developer";
				COPY_PHASE_STRIP = NO;
				DEBUG_INFORMATION_FORMAT = dwarf;
				ENABLE_STRICT_OBJC_MSGSEND = YES;
				ENABLE_TESTABILITY = YES;
				GCC_C_LANGUAGE_STANDARD = gnu99;
				GCC_DYNAMIC_NO_PIC = NO;
				GCC_NO_COMMON_BLOCKS = YES;
				GCC_OPTIMIZATION_LEVEL = 0;
				GCC_PREPROCESSOR_DEFINITIONS = (
					"DEBUG=1",
					"$(inherited)",
				);
				GCC_WARN_64_TO_32_BIT_CONVERSION = YES;
				GCC_WARN_ABOUT_RETURN_TYPE = YES_ERROR;
				GCC_WARN_UNDECLARED_SELECTOR = YES;
				GCC_WARN_UNINITIALIZED_AUTOS = YES_AGGRESSIVE;
				GCC_WARN_UNUSED_FUNCTION = YES;
				GCC_WARN_UNUSED_VARIABLE = YES;
				IPHONEOS_DEPLOYMENT_TARGET = 9.1;
				MTL_ENABLE_DEBUG_INFO = YES;
				ONLY_ACTIVE_ARCH = YES;
				SDKROOT = iphoneos;
			};
			name = Debug;
		};
		692963821C18190F00885817 /* Release */ = {
			isa = XCBuildConfiguration;
			buildSettings = {
				ALWAYS_SEARCH_USER_PATHS = NO;
				CLANG_CXX_LANGUAGE_STANDARD = "gnu++0x";
				CLANG_CXX_LIBRARY = "libc++";
				CLANG_ENABLE_MODULES = YES;
				CLANG_ENABLE_OBJC_ARC = YES;
				CLANG_WARN_BOOL_CONVERSION = YES;
				CLANG_WARN_CONSTANT_CONVERSION = YES;
				CLANG_WARN_DIRECT_OBJC_ISA_USAGE = YES_ERROR;
				CLANG_WARN_EMPTY_BODY = YES;
				CLANG_WARN_ENUM_CONVERSION = YES;
				CLANG_WARN_INT_CONVERSION = YES;
				CLANG_WARN_OBJC_ROOT_CLASS = YES_ERROR;
				CLANG_WARN_UNREACHABLE_CODE = YES;
				CLANG_WARN__DUPLICATE_METHOD_MATCH = YES;
				"CODE_SIGN_IDENTITY[sdk=iphoneos*]" = "iPhone Developer";
				COPY_PHASE_STRIP = NO;
				DEBUG_INFORMATION_FORMAT = "dwarf-with-dsym";
				ENABLE_NS_ASSERTIONS = NO;
				ENABLE_STRICT_OBJC_MSGSEND = YES;
				GCC_C_LANGUAGE_STANDARD = gnu99;
				GCC_NO_COMMON_BLOCKS = YES;
				GCC_WARN_64_TO_32_BIT_CONVERSION = YES;
				GCC_WARN_ABOUT_RETURN_TYPE = YES_ERROR;
				GCC_WARN_UNDECLARED_SELECTOR = YES;
				GCC_WARN_UNINITIALIZED_AUTOS = YES_AGGRESSIVE;
				GCC_WARN_UNUSED_FUNCTION = YES;
				GCC_WARN_UNUSED_VARIABLE = YES;
				IPHONEOS_DEPLOYMENT_TARGET = 9.1;
				MTL_ENABLE_DEBUG_INFO = NO;
				SDKROOT = iphoneos;
				VALIDATE_PRODUCT = YES;
			};
			name = Release;
		};
		692963841C18190F00885817 /* Debug */ = {
			isa = XCBuildConfiguration;
			buildSettings = {
				ASSETCATALOG_COMPILER_APPICON_NAME = AppIcon;
				INFOPLIST_FILE = "代理实战/Info.plist";
				LD_RUNPATH_SEARCH_PATHS = "$(inherited) @executable_path/Frameworks";
				PRODUCT_BUNDLE_IDENTIFIER = "Bruce.----";
				PRODUCT_NAME = "$(TARGET_NAME)";
			};
			name = Debug;
		};
		692963851C18190F00885817 /* Release */ = {
			isa = XCBuildConfiguration;
			buildSettings = {
				ASSETCATALOG_COMPILER_APPICON_NAME = AppIcon;
				INFOPLIST_FILE = "代理实战/Info.plist";
				LD_RUNPATH_SEARCH_PATHS = "$(inherited) @executable_path/Frameworks";
				PRODUCT_BUNDLE_IDENTIFIER = "Bruce.----";
				PRODUCT_NAME = "$(TARGET_NAME)";
			};
			name = Release;
		};
		692963871C18190F00885817 /* Debug */ = {
			isa = XCBuildConfiguration;
			buildSettings = {
				BUNDLE_LOADER = "$(TEST_HOST)";
				INFOPLIST_FILE = "代理实战Tests/Info.plist";
				LD_RUNPATH_SEARCH_PATHS = "$(inherited) @executable_path/Frameworks @loader_path/Frameworks";
				PRODUCT_BUNDLE_IDENTIFIER = "Bruce.----Tests";
				PRODUCT_NAME = "$(TARGET_NAME)";
				TEST_HOST = "$(BUILT_PRODUCTS_DIR)/代理实战.app/代理实战";
			};
			name = Debug;
		};
		692963881C18190F00885817 /* Release */ = {
			isa = XCBuildConfiguration;
			buildSettings = {
				BUNDLE_LOADER = "$(TEST_HOST)";
				INFOPLIST_FILE = "代理实战Tests/Info.plist";
				LD_RUNPATH_SEARCH_PATHS = "$(inherited) @executable_path/Frameworks @loader_path/Frameworks";
				PRODUCT_BUNDLE_IDENTIFIER = "Bruce.----Tests";
				PRODUCT_NAME = "$(TARGET_NAME)";
				TEST_HOST = "$(BUILT_PRODUCTS_DIR)/代理实战.app/代理实战";
			};
			name = Release;
		};
		6929638A1C18190F00885817 /* Debug */ = {
			isa = XCBuildConfiguration;
			buildSettings = {
				INFOPLIST_FILE = "代理实战UITests/Info.plist";
				LD_RUNPATH_SEARCH_PATHS = "$(inherited) @executable_path/Frameworks @loader_path/Frameworks";
				PRODUCT_BUNDLE_IDENTIFIER = "Bruce.----UITests";
				PRODUCT_NAME = "$(TARGET_NAME)";
				TEST_TARGET_NAME = "代理实战";
				USES_XCTRUNNER = YES;
			};
			name = Debug;
		};
		6929638B1C18190F00885817 /* Release */ = {
			isa = XCBuildConfiguration;
			buildSettings = {
				INFOPLIST_FILE = "代理实战UITests/Info.plist";
				LD_RUNPATH_SEARCH_PATHS = "$(inherited) @executable_path/Frameworks @loader_path/Frameworks";
				PRODUCT_BUNDLE_IDENTIFIER = "Bruce.----UITests";
				PRODUCT_NAME = "$(TARGET_NAME)";
				TEST_TARGET_NAME = "代理实战";
				USES_XCTRUNNER = YES;
			};
			name = Release;
		};
/* End XCBuildConfiguration section */

/* Begin XCConfigurationList section */
		692963511C18190E00885817 /* Build configuration list for PBXProject "代理实战" */ = {
			isa = XCConfigurationList;
			buildConfigurations = (
				692963811C18190F00885817 /* Debug */,
				692963821C18190F00885817 /* Release */,
			);
			defaultConfigurationIsVisible = 0;
			defaultConfigurationName = Release;
		};
		692963831C18190F00885817 /* Build configuration list for PBXNativeTarget "代理实战" */ = {
			isa = XCConfigurationList;
			buildConfigurations = (
				692963841C18190F00885817 /* Debug */,
				692963851C18190F00885817 /* Release */,
			);
			defaultConfigurationIsVisible = 0;
		};
		692963861C18190F00885817 /* Build configuration list for PBXNativeTarget "代理实战Tests" */ = {
			isa = XCConfigurationList;
			buildConfigurations = (
				692963871C18190F00885817 /* Debug */,
				692963881C18190F00885817 /* Release */,
			);
			defaultConfigurationIsVisible = 0;
		};
		692963891C18190F00885817 /* Build configuration list for PBXNativeTarget "代理实战UITests" */ = {
			isa = XCConfigurationList;
			buildConfigurations = (
				6929638A1C18190F00885817 /* Debug */,
				6929638B1C18190F00885817 /* Release */,
			);
			defaultConfigurationIsVisible = 0;
		};
/* End XCConfigurationList section */
	};
	rootObject = 6929634E1C18190E00885817 /* Project object */;
}
